
Microsoft Visual Studio Solution File, Format Version 12.00
# Visual Studio 15
VisualStudioVersion = 15.0.27130.2024
MinimumVisualStudioVersion = 10.0.40219.1
Project("{FAE04EC0-301F-11D3-BF4B-00C04F79EFBC}") = "AspNetCore20_MVC", "AspNetCore20_MVC\AspNetCore20_MVC.csproj", "{48282397-CED7-40D6-9D7D-3D7DF059E88B}"
EndProject
Project("{FAE04EC0-301F-11D3-BF4B-00C04F79EFBC}") = "AR_WebService", "AR_WebService\AR_WebService.csproj", "{452059DF-B669-420C-917B-D366A917E422}"
EndProject
Global
	GlobalSection(SolutionConfigurationPlatforms) = preSolution
		Debug|Any CPU = Debug|Any CPU
		Release|Any CPU = Release|Any CPU
	EndGlobalSection
	GlobalSection(ProjectConfigurationPlatforms) = postSolution
		{48282397-CED7-40D6-9D7D-3D7DF059E88B}.Debug|Any CPU.ActiveCfg = Debug|Any CPU
		{48282397-CED7-40D6-9D7D-3D7DF059E88B}.Debug|Any CPU.Build.0 = Debug|Any CPU
		{48282397-CED7-40D6-9D7D-3D7DF059E88B}.Release|Any CPU.ActiveCfg = Release|Any CPU
		{48282397-CED7-40D6-9D7D-3D7DF059E88B}.Release|Any CPU.Build.0 = Release|Any CPU
		{452059DF-B669-420C-917B-D366A917E422}.Debug|Any CPU.ActiveCfg = Debug|Any CPU
		{452059DF-B669-420C-917B-D366A917E422}.Debug|Any CPU.Build.0 = Debug|Any CPU
		{452059DF-B669-420C-917B-D366A917E422}.Release|Any CPU.ActiveCfg = Release|Any CPU
		{452059DF-B669-420C-917B-D366A917E422}.Release|Any CPU.Build.0 = Release|Any CPU
	EndGlobalSection
	GlobalSection(SolutionProperties) = preSolution
		HideSolutionNode = FALSE
	EndGlobalSection
	GlobalSection(ExtensibilityGlobals) = postSolution
		SolutionGuid = {F34B5861-CE09-458D-8219-652A290467A2}
	EndGlobalSection
EndGlobal
